
Microsoft Visual Studio Solution File, Format Version 12.00
# Visual Studio Version 17
VisualStudioVersion = 17.7.34003.232
MinimumVisualStudioVersion = 10.0.40219.1
Project("{FAE04EC0-301F-11D3-BF4B-00C04F79EFBC}") = "EmniyetPRojesi", "EmniyetPRojesi\EmniyetPRojesi.csproj", "{018DA6EF-B3A7-460F-869E-7E9CF2E93635}"
EndProject
Global
	GlobalSection(SolutionConfigurationPlatforms) = preSolution
		Debug|Any CPU = Debug|Any CPU
		Release|Any CPU = Release|Any CPU
	EndGlobalSection
	GlobalSection(ProjectConfigurationPlatforms) = postSolution
		{018DA6EF-B3A7-460F-869E-7E9CF2E93635}.Debug|Any CPU.ActiveCfg = Debug|Any CPU
		{018DA6EF-B3A7-460F-869E-7E9CF2E93635}.Debug|Any CPU.Build.0 = Debug|Any CPU
		{018DA6EF-B3A7-460F-869E-7E9CF2E93635}.Release|Any CPU.ActiveCfg = Release|Any CPU
		{018DA6EF-B3A7-460F-869E-7E9CF2E93635}.Release|Any CPU.Build.0 = Release|Any CPU
	EndGlobalSection
	GlobalSection(SolutionProperties) = preSolution
		HideSolutionNode = FALSE
	EndGlobalSection
	GlobalSection(ExtensibilityGlobals) = postSolution
		SolutionGuid = {248881C5-0994-449E-87F0-23EF56881E56}
	EndGlobalSection
EndGlobal
